
Microsoft Visual Studio Solution File, Format Version 12.00
# Visual Studio 15
VisualStudioVersion = 15.0.27130.2020
MinimumVisualStudioVersion = 10.0.40219.1
Project("{FAE04EC0-301F-11D3-BF4B-00C04F79EFBC}") = "Chenyuan.Lottery.Web", "Chenyuan.Lottery.Web\Chenyuan.Lottery.Web.csproj", "{D85353EC-359A-46F6-A72D-215A0D9065BD}"
EndProject
Project("{2150E333-8FDC-42A3-9474-1A3956D46DE8}") = "1-Core", "1-Core", "{A8A0E4F4-49C1-456E-8C3C-C5233C9D5621}"
EndProject
Project("{FAE04EC0-301F-11D3-BF4B-00C04F79EFBC}") = "Chenyuan", "..\Core\Chenyuan\Chenyuan.csproj", "{AC03BB93-9668-4B5F-A719-482A489105A1}"
EndProject
Project("{FAE04EC0-301F-11D3-BF4B-00C04F79EFBC}") = "Chenyuan.Autofac", "..\Core\Chenyuan.Autofac\Chenyuan.Autofac.csproj", "{FAD1B0B9-D803-47A5-B00E-D8788D95F0D8}"
EndProject
Project("{FAE04EC0-301F-11D3-BF4B-00C04F79EFBC}") = "Chenyuan.DAL", "..\Core\Chenyuan.DAL\Chenyuan.DAL.csproj", "{AB6F5985-F6D2-444C-BFA5-36CEEBE68EEB}"
EndProject
Project("{FAE04EC0-301F-11D3-BF4B-00C04F79EFBC}") = "Chenyuan.Date", "..\Core\Chenyuan.Date\Chenyuan.Date.csproj", "{7D453151-CDC3-41F8-9777-70B94E162DC3}"
EndProject
Project("{2150E333-8FDC-42A3-9474-1A3956D46DE8}") = "3-Data", "3-Data", "{AE5CC568-BFB7-47A0-912F-42D284AE5109}"
EndProject
Project("{2150E333-8FDC-42A3-9474-1A3956D46DE8}") = "Lottery", "Lottery", "{9544DB9C-E1C5-4AED-8904-7237CEC72D13}"
EndProject
Project("{FAE04EC0-301F-11D3-BF4B-00C04F79EFBC}") = "Chenyuan.Data.Lottery", "..\Data\Chenyuan.Data.Lottery\Chenyuan.Data.Lottery.csproj", "{12DFC53E-4A40-4A42-BA4D-BD0E7B919E28}"
EndProject
Project("{2150E333-8FDC-42A3-9474-1A3956D46DE8}") = "2-Domain", "2-Domain", "{486564CE-EDD0-410B-A992-B8C80BF1411C}"
EndProject
Project("{FAE04EC0-301F-11D3-BF4B-00C04F79EFBC}") = "Chenyuan.Domain", "..\Data\Chenyuan.Domain\Chenyuan.Domain.csproj", "{7CEF9E48-9181-4D61-8837-78FDEAB4223C}"
EndProject
Project("{2150E333-8FDC-42A3-9474-1A3956D46DE8}") = "Base", "Base", "{A5BD5176-C8E5-49E6-A991-2EB2D86EBF3A}"
EndProject
Project("{FAE04EC0-301F-11D3-BF4B-00C04F79EFBC}") = "Chenyuan.Data.Base", "..\Data\Chenyuan.Data.Base\Chenyuan.Data.Base.csproj", "{D0A9B373-54C2-47FE-81AA-760999189857}"
EndProject
Project("{FAE04EC0-301F-11D3-BF4B-00C04F79EFBC}") = "Chenyuan.Data.Base.Entity", "..\Data\Chenyuan.Data.Base.Entity\Chenyuan.Data.Base.Entity.csproj", "{617C44F6-0400-482E-99E8-7D2CE4AB5C47}"
EndProject
Project("{FAE04EC0-301F-11D3-BF4B-00C04F79EFBC}") = "Chenyuan.Data.Base.Mappings", "..\Data\Chenyuan.Data.Base.Mappings\Chenyuan.Data.Base.Mappings.csproj", "{E48B0BE9-07FA-4E0F-8ADA-ADED823D1575}"
EndProject
Project("{2150E333-8FDC-42A3-9474-1A3956D46DE8}") = "4-Services", "4-Services", "{7C2C235D-766F-4649-A626-27B24470373C}"
EndProject
Project("{2150E333-8FDC-42A3-9474-1A3956D46DE8}") = "5-Model", "5-Model", "{933547D0-6892-4814-8C31-680052E15217}"
EndProject
Project("{2150E333-8FDC-42A3-9474-1A3956D46DE8}") = "6-Web", "6-Web", "{DDFB10E2-E064-4E6F-8F8F-933FE5A879CF}"
EndProject
Project("{FAE04EC0-301F-11D3-BF4B-00C04F79EFBC}") = "Chenyuan.Lottery.Services", "Chenyuan.Lottery.Services\Chenyuan.Lottery.Services.csproj", "{AB1B4101-2A6C-4C2D-93DD-CE7C6181DB06}"
EndProject
Project("{FAE04EC0-301F-11D3-BF4B-00C04F79EFBC}") = "Chenyuan.Lottery.IServices", "Chenyuan.Lottery.IServices\Chenyuan.Lottery.IServices.csproj", "{76AAAB48-97A9-4892-B432-F6BDF8490360}"
EndProject
Project("{FAE04EC0-301F-11D3-BF4B-00C04F79EFBC}") = "Chenyuan.Data.Lottery.Entity", "..\Data\Chenyuan.Data.Lottery.Entity\Chenyuan.Data.Lottery.Entity.csproj", "{F49131D8-9C4C-4CFF-B4C8-F6537DEE7F8D}"
EndProject
Global
	GlobalSection(SolutionConfigurationPlatforms) = preSolution
		Debug|Any CPU = Debug|Any CPU
		Release|Any CPU = Release|Any CPU
	EndGlobalSection
	GlobalSection(ProjectConfigurationPlatforms) = postSolution
		{D85353EC-359A-46F6-A72D-215A0D9065BD}.Debug|Any CPU.ActiveCfg = Debug|Any CPU
		{D85353EC-359A-46F6-A72D-215A0D9065BD}.Debug|Any CPU.Build.0 = Debug|Any CPU
		{D85353EC-359A-46F6-A72D-215A0D9065BD}.Release|Any CPU.ActiveCfg = Release|Any CPU
		{D85353EC-359A-46F6-A72D-215A0D9065BD}.Release|Any CPU.Build.0 = Release|Any CPU
		{AC03BB93-9668-4B5F-A719-482A489105A1}.Debug|Any CPU.ActiveCfg = Debug|Any CPU
		{AC03BB93-9668-4B5F-A719-482A489105A1}.Debug|Any CPU.Build.0 = Debug|Any CPU
		{AC03BB93-9668-4B5F-A719-482A489105A1}.Release|Any CPU.ActiveCfg = Release|Any CPU
		{AC03BB93-9668-4B5F-A719-482A489105A1}.Release|Any CPU.Build.0 = Release|Any CPU
		{FAD1B0B9-D803-47A5-B00E-D8788D95F0D8}.Debug|Any CPU.ActiveCfg = Debug|Any CPU
		{FAD1B0B9-D803-47A5-B00E-D8788D95F0D8}.Debug|Any CPU.Build.0 = Debug|Any CPU
		{FAD1B0B9-D803-47A5-B00E-D8788D95F0D8}.Release|Any CPU.ActiveCfg = Release|Any CPU
		{FAD1B0B9-D803-47A5-B00E-D8788D95F0D8}.Release|Any CPU.Build.0 = Release|Any CPU
		{AB6F5985-F6D2-444C-BFA5-36CEEBE68EEB}.Debug|Any CPU.ActiveCfg = Debug|Any CPU
		{AB6F5985-F6D2-444C-BFA5-36CEEBE68EEB}.Debug|Any CPU.Build.0 = Debug|Any CPU
		{AB6F5985-F6D2-444C-BFA5-36CEEBE68EEB}.Release|Any CPU.ActiveCfg = Release|Any CPU
		{AB6F5985-F6D2-444C-BFA5-36CEEBE68EEB}.Release|Any CPU.Build.0 = Release|Any CPU
		{7D453151-CDC3-41F8-9777-70B94E162DC3}.Debug|Any CPU.ActiveCfg = Debug|Any CPU
		{7D453151-CDC3-41F8-9777-70B94E162DC3}.Debug|Any CPU.Build.0 = Debug|Any CPU
		{7D453151-CDC3-41F8-9777-70B94E162DC3}.Release|Any CPU.ActiveCfg = Release|Any CPU
		{7D453151-CDC3-41F8-9777-70B94E162DC3}.Release|Any CPU.Build.0 = Release|Any CPU
		{12DFC53E-4A40-4A42-BA4D-BD0E7B919E28}.Debug|Any CPU.ActiveCfg = Debug|Any CPU
		{12DFC53E-4A40-4A42-BA4D-BD0E7B919E28}.Debug|Any CPU.Build.0 = Debug|Any CPU
		{12DFC53E-4A40-4A42-BA4D-BD0E7B919E28}.Release|Any CPU.ActiveCfg = Release|Any CPU
		{12DFC53E-4A40-4A42-BA4D-BD0E7B919E28}.Release|Any CPU.Build.0 = Release|Any CPU
		{7CEF9E48-9181-4D61-8837-78FDEAB4223C}.Debug|Any CPU.ActiveCfg = Debug|Any CPU
		{7CEF9E48-9181-4D61-8837-78FDEAB4223C}.Debug|Any CPU.Build.0 = Debug|Any CPU
		{7CEF9E48-9181-4D61-8837-78FDEAB4223C}.Release|Any CPU.ActiveCfg = Release|Any CPU
		{7CEF9E48-9181-4D61-8837-78FDEAB4223C}.Release|Any CPU.Build.0 = Release|Any CPU
		{D0A9B373-54C2-47FE-81AA-760999189857}.Debug|Any CPU.ActiveCfg = Debug|Any CPU
		{D0A9B373-54C2-47FE-81AA-760999189857}.Debug|Any CPU.Build.0 = Debug|Any CPU
		{D0A9B373-54C2-47FE-81AA-760999189857}.Release|Any CPU.ActiveCfg = Release|Any CPU
		{D0A9B373-54C2-47FE-81AA-760999189857}.Release|Any CPU.Build.0 = Release|Any CPU
		{617C44F6-0400-482E-99E8-7D2CE4AB5C47}.Debug|Any CPU.ActiveCfg = Debug|Any CPU
		{617C44F6-0400-482E-99E8-7D2CE4AB5C47}.Debug|Any CPU.Build.0 = Debug|Any CPU
		{617C44F6-0400-482E-99E8-7D2CE4AB5C47}.Release|Any CPU.ActiveCfg = Release|Any CPU
		{617C44F6-0400-482E-99E8-7D2CE4AB5C47}.Release|Any CPU.Build.0 = Release|Any CPU
		{E48B0BE9-07FA-4E0F-8ADA-ADED823D1575}.Debug|Any CPU.ActiveCfg = Debug|Any CPU
		{E48B0BE9-07FA-4E0F-8ADA-ADED823D1575}.Debug|Any CPU.Build.0 = Debug|Any CPU
		{E48B0BE9-07FA-4E0F-8ADA-ADED823D1575}.Release|Any CPU.ActiveCfg = Release|Any CPU
		{E48B0BE9-07FA-4E0F-8ADA-ADED823D1575}.Release|Any CPU.Build.0 = Release|Any CPU
		{AB1B4101-2A6C-4C2D-93DD-CE7C6181DB06}.Debug|Any CPU.ActiveCfg = Debug|Any CPU
		{AB1B4101-2A6C-4C2D-93DD-CE7C6181DB06}.Debug|Any CPU.Build.0 = Debug|Any CPU
		{AB1B4101-2A6C-4C2D-93DD-CE7C6181DB06}.Release|Any CPU.ActiveCfg = Release|Any CPU
		{AB1B4101-2A6C-4C2D-93DD-CE7C6181DB06}.Release|Any CPU.Build.0 = Release|Any CPU
		{76AAAB48-97A9-4892-B432-F6BDF8490360}.Debug|Any CPU.ActiveCfg = Debug|Any CPU
		{76AAAB48-97A9-4892-B432-F6BDF8490360}.Debug|Any CPU.Build.0 = Debug|Any CPU
		{76AAAB48-97A9-4892-B432-F6BDF8490360}.Release|Any CPU.ActiveCfg = Release|Any CPU
		{76AAAB48-97A9-4892-B432-F6BDF8490360}.Release|Any CPU.Build.0 = Release|Any CPU
		{F49131D8-9C4C-4CFF-B4C8-F6537DEE7F8D}.Debug|Any CPU.ActiveCfg = Debug|Any CPU
		{F49131D8-9C4C-4CFF-B4C8-F6537DEE7F8D}.Debug|Any CPU.Build.0 = Debug|Any CPU
		{F49131D8-9C4C-4CFF-B4C8-F6537DEE7F8D}.Release|Any CPU.ActiveCfg = Release|Any CPU
		{F49131D8-9C4C-4CFF-B4C8-F6537DEE7F8D}.Release|Any CPU.Build.0 = Release|Any CPU
	EndGlobalSection
	GlobalSection(SolutionProperties) = preSolution
		HideSolutionNode = FALSE
	EndGlobalSection
	GlobalSection(NestedProjects) = preSolution
		{AC03BB93-9668-4B5F-A719-482A489105A1} = {A8A0E4F4-49C1-456E-8C3C-C5233C9D5621}
		{FAD1B0B9-D803-47A5-B00E-D8788D95F0D8} = {A8A0E4F4-49C1-456E-8C3C-C5233C9D5621}
		{AB6F5985-F6D2-444C-BFA5-36CEEBE68EEB} = {A8A0E4F4-49C1-456E-8C3C-C5233C9D5621}
		{7D453151-CDC3-41F8-9777-70B94E162DC3} = {A8A0E4F4-49C1-456E-8C3C-C5233C9D5621}
		{9544DB9C-E1C5-4AED-8904-7237CEC72D13} = {AE5CC568-BFB7-47A0-912F-42D284AE5109}
		{12DFC53E-4A40-4A42-BA4D-BD0E7B919E28} = {9544DB9C-E1C5-4AED-8904-7237CEC72D13}
		{7CEF9E48-9181-4D61-8837-78FDEAB4223C} = {486564CE-EDD0-410B-A992-B8C80BF1411C}
		{A5BD5176-C8E5-49E6-A991-2EB2D86EBF3A} = {AE5CC568-BFB7-47A0-912F-42D284AE5109}
		{D0A9B373-54C2-47FE-81AA-760999189857} = {A5BD5176-C8E5-49E6-A991-2EB2D86EBF3A}
		{617C44F6-0400-482E-99E8-7D2CE4AB5C47} = {A5BD5176-C8E5-49E6-A991-2EB2D86EBF3A}
		{E48B0BE9-07FA-4E0F-8ADA-ADED823D1575} = {A5BD5176-C8E5-49E6-A991-2EB2D86EBF3A}
		{AB1B4101-2A6C-4C2D-93DD-CE7C6181DB06} = {7C2C235D-766F-4649-A626-27B24470373C}
		{76AAAB48-97A9-4892-B432-F6BDF8490360} = {7C2C235D-766F-4649-A626-27B24470373C}
		{F49131D8-9C4C-4CFF-B4C8-F6537DEE7F8D} = {9544DB9C-E1C5-4AED-8904-7237CEC72D13}
	EndGlobalSection
	GlobalSection(ExtensibilityGlobals) = postSolution
		SolutionGuid = {71441367-C4E0-4130-A7E4-C1F4B92B6A77}
	EndGlobalSection
EndGlobal
